// !$*UTF8*$!
{
	archiveVersion = 1;
	classes = {
	};
	objectVersion = 55;
	objects = {

/* Begin PBXBuildFile section */
		8E16E66B28736C8400466E07 /* ccfApp.swift in Sources */ = {isa = PBXBuildFile; fileRef = 8E16E66A28736C8400466E07 /* ccfApp.swift */; };
		8E16E66F28736C8600466E07 /* Assets.xcassets in Resources */ = {isa = PBXBuildFile; fileRef = 8E16E66E28736C8600466E07 /* Assets.xcassets */; };
		8E16E67228736C8600466E07 /* Preview Assets.xcassets in Resources */ = {isa = PBXBuildFile; fileRef = 8E16E67128736C8600466E07 /* Preview Assets.xcassets */; };
		8E16E67B28736E3600466E07 /* Event.swift in Sources */ = {isa = PBXBuildFile; fileRef = 8E16E67A28736E3600466E07 /* Event.swift */; };
		8E16E67D28736E4000466E07 /* Announcement.swift in Sources */ = {isa = PBXBuildFile; fileRef = 8E16E67C28736E4000466E07 /* Announcement.swift */; };
		8E16E6862873756A00466E07 /* Scheduled.swift in Sources */ = {isa = PBXBuildFile; fileRef = 8E16E6852873756A00466E07 /* Scheduled.swift */; };
		8E16E6882873758C00466E07 /* EventsView.swift in Sources */ = {isa = PBXBuildFile; fileRef = 8E16E6872873758C00466E07 /* EventsView.swift */; };
		8E16E68A2873759800466E07 /* AnnouncementsView.swift in Sources */ = {isa = PBXBuildFile; fileRef = 8E16E6892873759800466E07 /* AnnouncementsView.swift */; };
		8E16E68C287375AF00466E07 /* ScheduleView.swift in Sources */ = {isa = PBXBuildFile; fileRef = 8E16E68B287375AF00466E07 /* ScheduleView.swift */; };
		8E16E68E287375BA00466E07 /* EventsViewModel.swift in Sources */ = {isa = PBXBuildFile; fileRef = 8E16E68D287375BA00466E07 /* EventsViewModel.swift */; };
		8E16E690287375D400466E07 /* AnnocementsViewModel.swift in Sources */ = {isa = PBXBuildFile; fileRef = 8E16E68F287375D400466E07 /* AnnocementsViewModel.swift */; };
		8E16E692287375E100466E07 /* ScheduleViewModel.swift in Sources */ = {isa = PBXBuildFile; fileRef = 8E16E691287375E100466E07 /* ScheduleViewModel.swift */; };
		8E16E6952873765400466E07 /* NetworkManager.swift in Sources */ = {isa = PBXBuildFile; fileRef = 8E16E6942873765400466E07 /* NetworkManager.swift */; };
		8E16E6972873782800466E07 /* EventsCell.swift in Sources */ = {isa = PBXBuildFile; fileRef = 8E16E6962873782800466E07 /* EventsCell.swift */; };
		8E16E6992873783400466E07 /* AnnouncementsCell.swift in Sources */ = {isa = PBXBuildFile; fileRef = 8E16E6982873783400466E07 /* AnnouncementsCell.swift */; };
		8E16E69B2873784500466E07 /* ScheduleCell.swift in Sources */ = {isa = PBXBuildFile; fileRef = 8E16E69A2873784500466E07 /* ScheduleCell.swift */; };
		8E16E69E2873789A00466E07 /* CCFLabel.swift in Sources */ = {isa = PBXBuildFile; fileRef = 8E16E69D2873789A00466E07 /* CCFLabel.swift */; };
/* End PBXBuildFile section */

/* Begin PBXFileReference section */
		8E16E66728736C8400466E07 /* ccf.app */ = {isa = PBXFileReference; explicitFileType = wrapper.application; includeInIndex = 0; path = ccf.app; sourceTree = BUILT_PRODUCTS_DIR; };
		8E16E66A28736C8400466E07 /* ccfApp.swift */ = {isa = PBXFileReference; lastKnownFileType = sourcecode.swift; path = ccfApp.swift; sourceTree = "<group>"; };
		8E16E66E28736C8600466E07 /* Assets.xcassets */ = {isa = PBXFileReference; lastKnownFileType = folder.assetcatalog; path = Assets.xcassets; sourceTree = "<group>"; };
		8E16E67128736C8600466E07 /* Preview Assets.xcassets */ = {isa = PBXFileReference; lastKnownFileType = folder.assetcatalog; path = "Preview Assets.xcassets"; sourceTree = "<group>"; };
		8E16E67A28736E3600466E07 /* Event.swift */ = {isa = PBXFileReference; lastKnownFileType = sourcecode.swift; path = Event.swift; sourceTree = "<group>"; };
		8E16E67C28736E4000466E07 /* Announcement.swift */ = {isa = PBXFileReference; lastKnownFileType = sourcecode.swift; path = Announcement.swift; sourceTree = "<group>"; };
		8E16E6852873756A00466E07 /* Scheduled.swift */ = {isa = PBXFileReference; lastKnownFileType = sourcecode.swift; path = Scheduled.swift; sourceTree = "<group>"; };
		8E16E6872873758C00466E07 /* EventsView.swift */ = {isa = PBXFileReference; lastKnownFileType = sourcecode.swift; path = EventsView.swift; sourceTree = "<group>"; };
		8E16E6892873759800466E07 /* AnnouncementsView.swift */ = {isa = PBXFileReference; lastKnownFileType = sourcecode.swift; path = AnnouncementsView.swift; sourceTree = "<group>"; };
		8E16E68B287375AF00466E07 /* ScheduleView.swift */ = {isa = PBXFileReference; lastKnownFileType = sourcecode.swift; path = ScheduleView.swift; sourceTree = "<group>"; };
		8E16E68D287375BA00466E07 /* EventsViewModel.swift */ = {isa = PBXFileReference; lastKnownFileType = sourcecode.swift; path = EventsViewModel.swift; sourceTree = "<group>"; };
		8E16E68F287375D400466E07 /* AnnocementsViewModel.swift */ = {isa = PBXFileReference; lastKnownFileType = sourcecode.swift; path = AnnocementsViewModel.swift; sourceTree = "<group>"; };
		8E16E691287375E100466E07 /* ScheduleViewModel.swift */ = {isa = PBXFileReference; lastKnownFileType = sourcecode.swift; path = ScheduleViewModel.swift; sourceTree = "<group>"; };
		8E16E6942873765400466E07 /* NetworkManager.swift */ = {isa = PBXFileReference; lastKnownFileType = sourcecode.swift; path = NetworkManager.swift; sourceTree = "<group>"; };
		8E16E6962873782800466E07 /* EventsCell.swift */ = {isa = PBXFileReference; lastKnownFileType = sourcecode.swift; path = EventsCell.swift; sourceTree = "<group>"; };
		8E16E6982873783400466E07 /* AnnouncementsCell.swift */ = {isa = PBXFileReference; lastKnownFileType = sourcecode.swift; path = AnnouncementsCell.swift; sourceTree = "<group>"; };
		8E16E69A2873784500466E07 /* ScheduleCell.swift */ = {isa = PBXFileReference; lastKnownFileType = sourcecode.swift; path = ScheduleCell.swift; sourceTree = "<group>"; };
		8E16E69D2873789A00466E07 /* CCFLabel.swift */ = {isa = PBXFileReference; lastKnownFileType = sourcecode.swift; path = CCFLabel.swift; sourceTree = "<group>"; };
/* End PBXFileReference section */

/* Begin PBXFrameworksBuildPhase section */
		8E16E66428736C8400466E07 /* Frameworks */ = {
			isa = PBXFrameworksBuildPhase;
			buildActionMask = 2147483647;
			files = (
			);
			runOnlyForDeploymentPostprocessing = 0;
		};
/* End PBXFrameworksBuildPhase section */

/* Begin PBXGroup section */
		8E16E65E28736C8400466E07 = {
			isa = PBXGroup;
			children = (
				8E16E66928736C8400466E07 /* ccf */,
				8E16E66828736C8400466E07 /* Products */,
			);
			sourceTree = "<group>";
		};
		8E16E66828736C8400466E07 /* Products */ = {
			isa = PBXGroup;
			children = (
				8E16E66728736C8400466E07 /* ccf.app */,
			);
			name = Products;
			sourceTree = "<group>";
		};
		8E16E66928736C8400466E07 /* ccf */ = {
			isa = PBXGroup;
			children = (
				8E16E6932873764500466E07 /* Managers */,
				8E16E67E28736E4400466E07 /* Model */,
				8E16E67F287372B500466E07 /* Screens */,
				8E16E680287372C000466E07 /* Views */,
				8E16E66A28736C8400466E07 /* ccfApp.swift */,
				8E16E66E28736C8600466E07 /* Assets.xcassets */,
				8E16E67028736C8600466E07 /* Preview Content */,
			);
			path = ccf;
			sourceTree = "<group>";
		};
		8E16E67028736C8600466E07 /* Preview Content */ = {
			isa = PBXGroup;
			children = (
				8E16E67128736C8600466E07 /* Preview Assets.xcassets */,
			);
			path = "Preview Content";
			sourceTree = "<group>";
		};
		8E16E67E28736E4400466E07 /* Model */ = {
			isa = PBXGroup;
			children = (
				8E16E67A28736E3600466E07 /* Event.swift */,
				8E16E67C28736E4000466E07 /* Announcement.swift */,
				8E16E6852873756A00466E07 /* Scheduled.swift */,
			);
			path = Model;
			sourceTree = "<group>";
		};
		8E16E67F287372B500466E07 /* Screens */ = {
			isa = PBXGroup;
			children = (
				8E16E682287372E500466E07 /* Events */,
				8E16E683287372ED00466E07 /* Announcements */,
				8E16E684287372F700466E07 /* Schedule */,
			);
			path = Screens;
			sourceTree = "<group>";
		};
		8E16E680287372C000466E07 /* Views */ = {
			isa = PBXGroup;
			children = (
				8E16E69D2873789A00466E07 /* CCFLabel.swift */,
				8E16E681287372C700466E07 /* Cells */,
			);
			path = Views;
			sourceTree = "<group>";
		};
		8E16E681287372C700466E07 /* Cells */ = {
			isa = PBXGroup;
			children = (
				8E16E6962873782800466E07 /* EventsCell.swift */,
				8E16E6982873783400466E07 /* AnnouncementsCell.swift */,
				8E16E69A2873784500466E07 /* ScheduleCell.swift */,
			);
			path = Cells;
			sourceTree = "<group>";
		};
		8E16E682287372E500466E07 /* Events */ = {
			isa = PBXGroup;
			children = (
				8E16E68D287375BA00466E07 /* EventsViewModel.swift */,
				8E16E6872873758C00466E07 /* EventsView.swift */,
			);
			path = Events;
			sourceTree = "<group>";
		};
		8E16E683287372ED00466E07 /* Announcements */ = {
			isa = PBXGroup;
			children = (
				8E16E68F287375D400466E07 /* AnnocementsViewModel.swift */,
				8E16E6892873759800466E07 /* AnnouncementsView.swift */,
			);
			path = Announcements;
			sourceTree = "<group>";
		};
		8E16E684287372F700466E07 /* Schedule */ = {
			isa = PBXGroup;
			children = (
				8E16E691287375E100466E07 /* ScheduleViewModel.swift */,
				8E16E68B287375AF00466E07 /* ScheduleView.swift */,
			);
			path = Schedule;
			sourceTree = "<group>";
		};
		8E16E6932873764500466E07 /* Managers */ = {
			isa = PBXGroup;
			children = (
				8E16E6942873765400466E07 /* NetworkManager.swift */,
			);
			path = Managers;
			sourceTree = "<group>";
		};
/* End PBXGroup section */

/* Begin PBXNativeTarget section */
		8E16E66628736C8400466E07 /* ccf */ = {
			isa = PBXNativeTarget;
			buildConfigurationList = 8E16E67528736C8600466E07 /* Build configuration list for PBXNativeTarget "ccf" */;
			buildPhases = (
				8E16E66328736C8400466E07 /* Sources */,
				8E16E66428736C8400466E07 /* Frameworks */,
				8E16E66528736C8400466E07 /* Resources */,
			);
			buildRules = (
			);
			dependencies = (
			);
			name = ccf;
			productName = ccf;
			productReference = 8E16E66728736C8400466E07 /* ccf.app */;
			productType = "com.apple.product-type.application";
		};
/* End PBXNativeTarget section */

/* Begin PBXProject section */
		8E16E65F28736C8400466E07 /* Project object */ = {
			isa = PBXProject;
			attributes = {
				BuildIndependentTargetsInParallel = 1;
				LastSwiftUpdateCheck = 1330;
				LastUpgradeCheck = 1330;
				TargetAttributes = {
					8E16E66628736C8400466E07 = {
						CreatedOnToolsVersion = 13.3.1;
					};
				};
			};
			buildConfigurationList = 8E16E66228736C8400466E07 /* Build configuration list for PBXProject "ccf" */;
			compatibilityVersion = "Xcode 13.0";
			developmentRegion = en;
			hasScannedForEncodings = 0;
			knownRegions = (
				en,
				Base,
			);
			mainGroup = 8E16E65E28736C8400466E07;
			productRefGroup = 8E16E66828736C8400466E07 /* Products */;
			projectDirPath = "";
			projectRoot = "";
			targets = (
				8E16E66628736C8400466E07 /* ccf */,
			);
		};
/* End PBXProject section */

/* Begin PBXResourcesBuildPhase section */
		8E16E66528736C8400466E07 /* Resources */ = {
			isa = PBXResourcesBuildPhase;
			buildActionMask = 2147483647;
			files = (
				8E16E67228736C8600466E07 /* Preview Assets.xcassets in Resources */,
				8E16E66F28736C8600466E07 /* Assets.xcassets in Resources */,
			);
			runOnlyForDeploymentPostprocessing = 0;
		};
/* End PBXResourcesBuildPhase section */

/* Begin PBXSourcesBuildPhase section */
		8E16E66328736C8400466E07 /* Sources */ = {
			isa = PBXSourcesBuildPhase;
			buildActionMask = 2147483647;
			files = (
				8E16E69E2873789A00466E07 /* CCFLabel.swift in Sources */,
				8E16E6972873782800466E07 /* EventsCell.swift in Sources */,
				8E16E6952873765400466E07 /* NetworkManager.swift in Sources */,
				8E16E67D28736E4000466E07 /* Announcement.swift in Sources */,
				8E16E6862873756A00466E07 /* Scheduled.swift in Sources */,
				8E16E6992873783400466E07 /* AnnouncementsCell.swift in Sources */,
				8E16E68A2873759800466E07 /* AnnouncementsView.swift in Sources */,
				8E16E690287375D400466E07 /* AnnocementsViewModel.swift in Sources */,
				8E16E67B28736E3600466E07 /* Event.swift in Sources */,
				8E16E692287375E100466E07 /* ScheduleViewModel.swift in Sources */,
				8E16E68C287375AF00466E07 /* ScheduleView.swift in Sources */,
				8E16E69B2873784500466E07 /* ScheduleCell.swift in Sources */,
				8E16E68E287375BA00466E07 /* EventsViewModel.swift in Sources */,
				8E16E66B28736C8400466E07 /* ccfApp.swift in Sources */,
				8E16E6882873758C00466E07 /* EventsView.swift in Sources */,
			);
			runOnlyForDeploymentPostprocessing = 0;
		};
/* End PBXSourcesBuildPhase section */

/* Begin XCBuildConfiguration section */
		8E16E67328736C8600466E07 /* Debug */ = {
			isa = XCBuildConfiguration;
			buildSettings = {
				ALWAYS_SEARCH_USER_PATHS = NO;
				CLANG_ANALYZER_NONNULL = YES;
				CLANG_ANALYZER_NUMBER_OBJECT_CONVERSION = YES_AGGRESSIVE;
				CLANG_CXX_LANGUAGE_STANDARD = "gnu++17";
				CLANG_ENABLE_MODULES = YES;
				CLANG_ENABLE_OBJC_ARC = YES;
				CLANG_ENABLE_OBJC_WEAK = YES;
				CLANG_WARN_BLOCK_CAPTURE_AUTORELEASING = YES;
				CLANG_WARN_BOOL_CONVERSION = YES;
				CLANG_WARN_COMMA = YES;
				CLANG_WARN_CONSTANT_CONVERSION = YES;
				CLANG_WARN_DEPRECATED_OBJC_IMPLEMENTATIONS = YES;
				CLANG_WARN_DIRECT_OBJC_ISA_USAGE = YES_ERROR;
				CLANG_WARN_DOCUMENTATION_COMMENTS = YES;
				CLANG_WARN_EMPTY_BODY = YES;
				CLANG_WARN_ENUM_CONVERSION = YES;
				CLANG_WARN_INFINITE_RECURSION = YES;
				CLANG_WARN_INT_CONVERSION = YES;
				CLANG_WARN_NON_LITERAL_NULL_CONVERSION = YES;
				CLANG_WARN_OBJC_IMPLICIT_RETAIN_SELF = YES;
				CLANG_WARN_OBJC_LITERAL_CONVERSION = YES;
				CLANG_WARN_OBJC_ROOT_CLASS = YES_ERROR;
				CLANG_WARN_QUOTED_INCLUDE_IN_FRAMEWORK_HEADER = YES;
				CLANG_WARN_RANGE_LOOP_ANALYSIS = YES;
				CLANG_WARN_STRICT_PROTOTYPES = YES;
				CLANG_WARN_SUSPICIOUS_MOVE = YES;
				CLANG_WARN_UNGUARDED_AVAILABILITY = YES_AGGRESSIVE;
				CLANG_WARN_UNREACHABLE_CODE = YES;
				CLANG_WARN__DUPLICATE_METHOD_MATCH = YES;
				COPY_PHASE_STRIP = NO;
				DEBUG_INFORMATION_FORMAT = dwarf;
				ENABLE_STRICT_OBJC_MSGSEND = YES;
				ENABLE_TESTABILITY = YES;
				GCC_C_LANGUAGE_STANDARD = gnu11;
				GCC_DYNAMIC_NO_PIC = NO;
				GCC_NO_COMMON_BLOCKS = YES;
				GCC_OPTIMIZATION_LEVEL = 0;
				GCC_PREPROCESSOR_DEFINITIONS = (
					"DEBUG=1",
					"$(inherited)",
				);
				GCC_WARN_64_TO_32_BIT_CONVERSION = YES;
				GCC_WARN_ABOUT_RETURN_TYPE = YES_ERROR;
				GCC_WARN_UNDECLARED_SELECTOR = YES;
				GCC_WARN_UNINITIALIZED_AUTOS = YES_AGGRESSIVE;
				GCC_WARN_UNUSED_FUNCTION = YES;
				GCC_WARN_UNUSED_VARIABLE = YES;
				IPHONEOS_DEPLOYMENT_TARGET = 15.4;
				MTL_ENABLE_DEBUG_INFO = INCLUDE_SOURCE;
				MTL_FAST_MATH = YES;
				ONLY_ACTIVE_ARCH = YES;
				SDKROOT = iphoneos;
				SWIFT_ACTIVE_COMPILATION_CONDITIONS = DEBUG;
				SWIFT_OPTIMIZATION_LEVEL = "-Onone";
			};
			name = Debug;
		};
		8E16E67428736C8600466E07 /* Release */ = {
			isa = XCBuildConfiguration;
			buildSettings = {
				ALWAYS_SEARCH_USER_PATHS = NO;
				CLANG_ANALYZER_NONNULL = YES;
				CLANG_ANALYZER_NUMBER_OBJECT_CONVERSION = YES_AGGRESSIVE;
				CLANG_CXX_LANGUAGE_STANDARD = "gnu++17";
				CLANG_ENABLE_MODULES = YES;
				CLANG_ENABLE_OBJC_ARC = YES;
				CLANG_ENABLE_OBJC_WEAK = YES;
				CLANG_WARN_BLOCK_CAPTURE_AUTORELEASING = YES;
				CLANG_WARN_BOOL_CONVERSION = YES;
				CLANG_WARN_COMMA = YES;
				CLANG_WARN_CONSTANT_CONVERSION = YES;
				CLANG_WARN_DEPRECATED_OBJC_IMPLEMENTATIONS = YES;
				CLANG_WARN_DIRECT_OBJC_ISA_USAGE = YES_ERROR;
				CLANG_WARN_DOCUMENTATION_COMMENTS = YES;
				CLANG_WARN_EMPTY_BODY = YES;
				CLANG_WARN_ENUM_CONVERSION = YES;
				CLANG_WARN_INFINITE_RECURSION = YES;
				CLANG_WARN_INT_CONVERSION = YES;
				CLANG_WARN_NON_LITERAL_NULL_CONVERSION = YES;
				CLANG_WARN_OBJC_IMPLICIT_RETAIN_SELF = YES;
				CLANG_WARN_OBJC_LITERAL_CONVERSION = YES;
				CLANG_WARN_OBJC_ROOT_CLASS = YES_ERROR;
				CLANG_WARN_QUOTED_INCLUDE_IN_FRAMEWORK_HEADER = YES;
				CLANG_WARN_RANGE_LOOP_ANALYSIS = YES;
				CLANG_WARN_STRICT_PROTOTYPES = YES;
				CLANG_WARN_SUSPICIOUS_MOVE = YES;
				CLANG_WARN_UNGUARDED_AVAILABILITY = YES_AGGRESSIVE;
				CLANG_WARN_UNREACHABLE_CODE = YES;
				CLANG_WARN__DUPLICATE_METHOD_MATCH = YES;
				COPY_PHASE_STRIP = NO;
				DEBUG_INFORMATION_FORMAT = "dwarf-with-dsym";
				ENABLE_NS_ASSERTIONS = NO;
				ENABLE_STRICT_OBJC_MSGSEND = YES;
				GCC_C_LANGUAGE_STANDARD = gnu11;
				GCC_NO_COMMON_BLOCKS = YES;
				GCC_WARN_64_TO_32_BIT_CONVERSION = YES;
				GCC_WARN_ABOUT_RETURN_TYPE = YES_ERROR;
				GCC_WARN_UNDECLARED_SELECTOR = YES;
				GCC_WARN_UNINITIALIZED_AUTOS = YES_AGGRESSIVE;
				GCC_WARN_UNUSED_FUNCTION = YES;
				GCC_WARN_UNUSED_VARIABLE = YES;
				IPHONEOS_DEPLOYMENT_TARGET = 15.4;
				MTL_ENABLE_DEBUG_INFO = NO;
				MTL_FAST_MATH = YES;
				SDKROOT = iphoneos;
				SWIFT_COMPILATION_MODE = wholemodule;
				SWIFT_OPTIMIZATION_LEVEL = "-O";
				VALIDATE_PRODUCT = YES;
			};
			name = Release;
		};
		8E16E67628736C8600466E07 /* Debug */ = {
			isa = XCBuildConfiguration;
			buildSettings = {
				ASSETCATALOG_COMPILER_APPICON_NAME = AppIcon;
				ASSETCATALOG_COMPILER_GLOBAL_ACCENT_COLOR_NAME = AccentColor;
				CODE_SIGN_STYLE = Automatic;
				CURRENT_PROJECT_VERSION = 1;
				DEVELOPMENT_ASSET_PATHS = "\"ccf/Preview Content\"";
				DEVELOPMENT_TEAM = 6DMEA6Z5ZU;
				ENABLE_PREVIEWS = YES;
				GENERATE_INFOPLIST_FILE = YES;
				INFOPLIST_KEY_UIApplicationSceneManifest_Generation = YES;
				INFOPLIST_KEY_UIApplicationSupportsIndirectInputEvents = YES;
				INFOPLIST_KEY_UILaunchScreen_Generation = YES;
				INFOPLIST_KEY_UISupportedInterfaceOrientations_iPad = "UIInterfaceOrientationPortrait UIInterfaceOrientationPortraitUpsideDown UIInterfaceOrientationLandscapeLeft UIInterfaceOrientationLandscapeRight";
				INFOPLIST_KEY_UISupportedInterfaceOrientations_iPhone = "UIInterfaceOrientationPortrait UIInterfaceOrientationLandscapeLeft UIInterfaceOrientationLandscapeRight";
				LD_RUNPATH_SEARCH_PATHS = (
					"$(inherited)",
					"@executable_path/Frameworks",
				);
				MARKETING_VERSION = 1.0;
				PRODUCT_BUNDLE_IDENTIFIER = com.typerdev.ccf;
				PRODUCT_NAME = "$(TARGET_NAME)";
				SWIFT_EMIT_LOC_STRINGS = YES;
				SWIFT_VERSION = 5.0;
				TARGETED_DEVICE_FAMILY = "1,2";
			};
			name = Debug;
		};
		8E16E67728736C8600466E07 /* Release */ = {
			isa = XCBuildConfiguration;
			buildSettings = {
				ASSETCATALOG_COMPILER_APPICON_NAME = AppIcon;
				ASSETCATALOG_COMPILER_GLOBAL_ACCENT_COLOR_NAME = AccentColor;
				CODE_SIGN_STYLE = Automatic;
				CURRENT_PROJECT_VERSION = 1;
				DEVELOPMENT_ASSET_PATHS = "\"ccf/Preview Content\"";
				DEVELOPMENT_TEAM = 6DMEA6Z5ZU;
				ENABLE_PREVIEWS = YES;
				GENERATE_INFOPLIST_FILE = YES;
				INFOPLIST_KEY_UIApplicationSceneManifest_Generation = YES;
				INFOPLIST_KEY_UIApplicationSupportsIndirectInputEvents = YES;
				INFOPLIST_KEY_UILaunchScreen_Generation = YES;
				INFOPLIST_KEY_UISupportedInterfaceOrientations_iPad = "UIInterfaceOrientationPortrait UIInterfaceOrientationPortraitUpsideDown UIInterfaceOrientationLandscapeLeft UIInterfaceOrientationLandscapeRight";
				INFOPLIST_KEY_UISupportedInterfaceOrientations_iPhone = "UIInterfaceOrientationPortrait UIInterfaceOrientationLandscapeLeft UIInterfaceOrientationLandscapeRight";
				LD_RUNPATH_SEARCH_PATHS = (
					"$(inherited)",
					"@executable_path/Frameworks",
				);
				MARKETING_VERSION = 1.0;
				PRODUCT_BUNDLE_IDENTIFIER = com.typerdev.ccf;
				PRODUCT_NAME = "$(TARGET_NAME)";
				SWIFT_EMIT_LOC_STRINGS = YES;
				SWIFT_VERSION = 5.0;
				TARGETED_DEVICE_FAMILY = "1,2";
			};
			name = Release;
		};
/* End XCBuildConfiguration section */

/* Begin XCConfigurationList section */
		8E16E66228736C8400466E07 /* Build configuration list for PBXProject "ccf" */ = {
			isa = XCConfigurationList;
			buildConfigurations = (
				8E16E67328736C8600466E07 /* Debug */,
				8E16E67428736C8600466E07 /* Release */,
			);
			defaultConfigurationIsVisible = 0;
			defaultConfigurationName = Release;
		};
		8E16E67528736C8600466E07 /* Build configuration list for PBXNativeTarget "ccf" */ = {
			isa = XCConfigurationList;
			buildConfigurations = (
				8E16E67628736C8600466E07 /* Debug */,
				8E16E67728736C8600466E07 /* Release */,
			);
			defaultConfigurationIsVisible = 0;
			defaultConfigurationName = Release;
		};
/* End XCConfigurationList section */
	};
	rootObject = 8E16E65F28736C8400466E07 /* Project object */;
}
